
Microsoft Visual Studio Solution File, Format Version 12.00
# Visual Studio Version 17
VisualStudioVersion = 17.4.33213.308
MinimumVisualStudioVersion = 10.0.40219.1
Project("{FAE04EC0-301F-11D3-BF4B-00C04F79EFBC}") = "CountryApi", "CountryApi\CountryApi.csproj", "{A9872D87-1BC0-4127-9F8A-4CA1DFF49931}"
EndProject
Global
	GlobalSection(SolutionConfigurationPlatforms) = preSolution
		Debug|Any CPU = Debug|Any CPU
		Release|Any CPU = Release|Any CPU
	EndGlobalSection
	GlobalSection(ProjectConfigurationPlatforms) = postSolution
		{A9872D87-1BC0-4127-9F8A-4CA1DFF49931}.Debug|Any CPU.ActiveCfg = Debug|Any CPU
		{A9872D87-1BC0-4127-9F8A-4CA1DFF49931}.Debug|Any CPU.Build.0 = Debug|Any CPU
		{A9872D87-1BC0-4127-9F8A-4CA1DFF49931}.Release|Any CPU.ActiveCfg = Release|Any CPU
		{A9872D87-1BC0-4127-9F8A-4CA1DFF49931}.Release|Any CPU.Build.0 = Release|Any CPU
	EndGlobalSection
	GlobalSection(SolutionProperties) = preSolution
		HideSolutionNode = FALSE
	EndGlobalSection
	GlobalSection(ExtensibilityGlobals) = postSolution
		SolutionGuid = {37093DF7-D714-461C-AF37-FD137FD93875}
	EndGlobalSection
EndGlobal
